{
  "version": 4,
  "terraform_version": "1.1.4",
  "serial": 43,
  "lineage": "047ea319-3405-a219-b54f-1e9844699bf6",
  "outputs": {
    "external_ip_address_node01_yandex_cloud": {
      "value": "84.252.128.61",
      "type": "string"
    },
    "external_ip_address_node02_yandex_cloud": {
      "value": "51.250.9.172",
      "type": "string"
    },
    "internal_ip_address_node01_yandex_cloud": {
      "value": "192.168.101.35",
      "type": "string"
    },
    "internal_ip_address_node02_yandex_cloud": {
      "value": "192.168.101.3",
      "type": "string"
    }
  },
  "resources": [
    {
      "mode": "managed",
      "type": "yandex_compute_instance",
      "name": "node01",
      "provider": "provider[\"registry.terraform.io/yandex-cloud/yandex\"]",
      "instances": [
        {
          "schema_version": 1,
          "attributes": {
            "allow_stopping_for_update": true,
            "boot_disk": [
              {
                "auto_delete": true,
                "device_name": "fhm543smc3jcjns0u3f6",
                "disk_id": "fhm543smc3jcjns0u3f6",
                "initialize_params": [
                  {
                    "block_size": 4096,
                    "description": "",
                    "image_id": "fd8fmkujbopb1vpq32uf",
                    "name": "root-node01",
                    "size": 50,
                    "snapshot_id": "",
                    "type": "network-ssd"
                  }
                ],
                "mode": "READ_WRITE"
              }
            ],
            "created_at": "2022-02-01T14:00:55Z",
            "description": "",
            "folder_id": "b1gf6kkr9lt4lofiqh08",
            "fqdn": "node01.netology.cloud",
            "hostname": "node01",
            "id": "fhmk8k1e4ub1ndpoa6kb",
            "labels": null,
            "metadata": {
              "ssh-keys": "centos:ssh-ed25519 AAAAC3NzaC1lZDI1NTE5AAAAIGP1w2pzAhybbKRfNDW37jgxdi/ho/HA/OUcV+p+Xj+r vitalykay@gmail.com\n"
            },
            "name": "node01",
            "network_acceleration_type": "standard",
            "network_interface": [
              {
                "dns_record": [],
                "index": 0,
                "ip_address": "192.168.101.35",
                "ipv4": true,
                "ipv6": false,
                "ipv6_address": "",
                "ipv6_dns_record": [],
                "mac_address": "d0:0d:14:45:02:e2",
                "nat": true,
                "nat_dns_record": [],
                "nat_ip_address": "84.252.128.61",
                "nat_ip_version": "IPV4",
                "security_group_ids": [],
                "subnet_id": "e9bllqr7m8rjn6mgimn6"
              }
            ],
            "placement_policy": [
              {
                "placement_group_id": ""
              }
            ],
            "platform_id": "standard-v1",
            "resources": [
              {
                "core_fraction": 100,
                "cores": 8,
                "gpus": 0,
                "memory": 8
              }
            ],
            "scheduling_policy": [
              {
                "preemptible": false
              }
            ],
            "secondary_disk": [],
            "service_account_id": "",
            "status": "running",
            "timeouts": null,
            "zone": "ru-central1-a"
          },
          "sensitive_attributes": [],
          "private": "eyJlMmJmYjczMC1lY2FhLTExZTYtOGY4OC0zNDM2M2JjN2M0YzAiOnsiY3JlYXRlIjozMDAwMDAwMDAwMDAsImRlbGV0ZSI6MzAwMDAwMDAwMDAwLCJ1cGRhdGUiOjMwMDAwMDAwMDAwMH0sInNjaGVtYV92ZXJzaW9uIjoiMSJ9",
          "dependencies": [
            "yandex_vpc_network.default",
            "yandex_vpc_subnet.default"
          ]
        }
      ]
    },
    {
      "mode": "managed",
      "type": "yandex_compute_instance",
      "name": "node02",
      "provider": "provider[\"registry.terraform.io/yandex-cloud/yandex\"]",
      "instances": [
        {
          "schema_version": 1,
          "attributes": {
            "allow_stopping_for_update": true,
            "boot_disk": [
              {
                "auto_delete": true,
                "device_name": "fhmdfp6kmi7ckhfq12a3",
                "disk_id": "fhmdfp6kmi7ckhfq12a3",
                "initialize_params": [
                  {
                    "block_size": 4096,
                    "description": "",
                    "image_id": "fd8fmkujbopb1vpq32uf",
                    "name": "root-node02",
                    "size": 50,
                    "snapshot_id": "",
                    "type": "network-ssd"
                  }
                ],
                "mode": "READ_WRITE"
              }
            ],
            "created_at": "2022-02-01T14:00:55Z",
            "description": "",
            "folder_id": "b1gf6kkr9lt4lofiqh08",
            "fqdn": "node02.netology.cloud",
            "hostname": "node02",
            "id": "fhmh2r0vtobbcud02eai",
            "labels": null,
            "metadata": {
              "ssh-keys": "centos:ssh-ed25519 AAAAC3NzaC1lZDI1NTE5AAAAIGP1w2pzAhybbKRfNDW37jgxdi/ho/HA/OUcV+p+Xj+r vitalykay@gmail.com\n"
            },
            "name": "node02",
            "network_acceleration_type": "standard",
            "network_interface": [
              {
                "dns_record": [],
                "index": 0,
                "ip_address": "192.168.101.3",
                "ipv4": true,
                "ipv6": false,
                "ipv6_address": "",
                "ipv6_dns_record": [],
                "mac_address": "d0:0d:11:16:c1:fe",
                "nat": true,
                "nat_dns_record": [],
                "nat_ip_address": "51.250.9.172",
                "nat_ip_version": "IPV4",
                "security_group_ids": [],
                "subnet_id": "e9bllqr7m8rjn6mgimn6"
              }
            ],
            "placement_policy": [
              {
                "placement_group_id": ""
              }
            ],
            "platform_id": "standard-v1",
            "resources": [
              {
                "core_fraction": 100,
                "cores": 8,
                "gpus": 0,
                "memory": 8
              }
            ],
            "scheduling_policy": [
              {
                "preemptible": false
              }
            ],
            "secondary_disk": [],
            "service_account_id": "",
            "status": "running",
            "timeouts": null,
            "zone": "ru-central1-a"
          },
          "sensitive_attributes": [],
          "private": "eyJlMmJmYjczMC1lY2FhLTExZTYtOGY4OC0zNDM2M2JjN2M0YzAiOnsiY3JlYXRlIjozMDAwMDAwMDAwMDAsImRlbGV0ZSI6MzAwMDAwMDAwMDAwLCJ1cGRhdGUiOjMwMDAwMDAwMDAwMH0sInNjaGVtYV92ZXJzaW9uIjoiMSJ9",
          "dependencies": [
            "yandex_vpc_network.default",
            "yandex_vpc_subnet.default"
          ]
        }
      ]
    },
    {
      "mode": "managed",
      "type": "yandex_vpc_network",
      "name": "default",
      "provider": "provider[\"registry.terraform.io/yandex-cloud/yandex\"]",
      "instances": [
        {
          "schema_version": 0,
          "attributes": {
            "created_at": "2022-02-01T14:00:53Z",
            "default_security_group_id": "",
            "description": "",
            "folder_id": "b1gf6kkr9lt4lofiqh08",
            "id": "enp5juigi1uillspljt2",
            "labels": {},
            "name": "net",
            "subnet_ids": [],
            "timeouts": null
          },
          "sensitive_attributes": [],
          "private": "eyJlMmJmYjczMC1lY2FhLTExZTYtOGY4OC0zNDM2M2JjN2M0YzAiOnsiY3JlYXRlIjo2MDAwMDAwMDAwMCwiZGVsZXRlIjo2MDAwMDAwMDAwMCwidXBkYXRlIjo2MDAwMDAwMDAwMH19"
        }
      ]
    },
    {
      "mode": "managed",
      "type": "yandex_vpc_subnet",
      "name": "default",
      "provider": "provider[\"registry.terraform.io/yandex-cloud/yandex\"]",
      "instances": [
        {
          "schema_version": 0,
          "attributes": {
            "created_at": "2022-02-01T14:00:54Z",
            "description": "",
            "dhcp_options": [],
            "folder_id": "b1gf6kkr9lt4lofiqh08",
            "id": "e9bllqr7m8rjn6mgimn6",
            "labels": {},
            "name": "subnet",
            "network_id": "enp5juigi1uillspljt2",
            "route_table_id": "",
            "timeouts": null,
            "v4_cidr_blocks": [
              "192.168.101.0/24"
            ],
            "v6_cidr_blocks": [],
            "zone": "ru-central1-a"
          },
          "sensitive_attributes": [],
          "private": "eyJlMmJmYjczMC1lY2FhLTExZTYtOGY4OC0zNDM2M2JjN2M0YzAiOnsiY3JlYXRlIjoxODAwMDAwMDAwMDAsImRlbGV0ZSI6MTgwMDAwMDAwMDAwLCJ1cGRhdGUiOjE4MDAwMDAwMDAwMH19",
          "dependencies": [
            "yandex_vpc_network.default"
          ]
        }
      ]
    }
  ]
}
