{
  "version": 4,
  "terraform_version": "1.1.5",
  "serial": 14,
  "lineage": "e59effdb-fd85-6ab3-4058-e3bebc9d1b0c",
  "outputs": {
    "external_ip_address_node01": {
      "value": "178.154.207.107",
      "type": "string"
    },
    "external_ip_address_node02": {
      "value": "178.154.203.204",
      "type": "string"
    },
    "external_ip_address_node03": {
      "value": "130.193.36.147",
      "type": "string"
    },
    "external_ip_address_node04": {
      "value": "130.193.37.229",
      "type": "string"
    },
    "external_ip_address_node05": {
      "value": "178.154.206.31",
      "type": "string"
    },
    "external_ip_address_node06": {
      "value": "178.154.201.74",
      "type": "string"
    },
    "internal_ip_address_node01": {
      "value": "192.168.101.11",
      "type": "string"
    },
    "internal_ip_address_node02": {
      "value": "192.168.101.12",
      "type": "string"
    },
    "internal_ip_address_node03": {
      "value": "192.168.101.13",
      "type": "string"
    },
    "internal_ip_address_node04": {
      "value": "192.168.101.14",
      "type": "string"
    },
    "internal_ip_address_node05": {
      "value": "192.168.101.15",
      "type": "string"
    },
    "internal_ip_address_node06": {
      "value": "192.168.101.16",
      "type": "string"
    }
  },
  "resources": [
    {
      "mode": "managed",
      "type": "local_file",
      "name": "inventory",
      "provider": "provider[\"registry.terraform.io/hashicorp/local\"]",
      "instances": [
        {
          "schema_version": 0,
          "attributes": {
            "content": "# Ansible inventory containing variable values from Terraform.\n# Generated by Terraform.\n\n[nodes:children]\nmanagers\nworkers\n\n[managers:children]\nactive\nstandby\n\n[active]\nnode01.netology.yc ansible_host=178.154.207.107\n\n[standby]\nnode02.netology.yc ansible_host=178.154.203.204\nnode03.netology.yc ansible_host=130.193.36.147\n\n[workers]\nnode04.netology.yc ansible_host=130.193.37.229\nnode05.netology.yc ansible_host=178.154.206.31\nnode06.netology.yc ansible_host=178.154.201.74\n",
            "content_base64": null,
            "directory_permission": "0777",
            "file_permission": "0777",
            "filename": "../ansible/inventory",
            "id": "116592269d9ed360effb9744aec292d9fb24bf5c",
            "sensitive_content": null,
            "source": null
          },
          "sensitive_attributes": [],
          "private": "bnVsbA==",
          "dependencies": [
            "yandex_compute_instance.node01",
            "yandex_compute_instance.node02",
            "yandex_compute_instance.node03",
            "yandex_compute_instance.node04",
            "yandex_compute_instance.node05",
            "yandex_compute_instance.node06",
            "yandex_vpc_network.default",
            "yandex_vpc_subnet.default"
          ]
        }
      ]
    },
    {
      "mode": "managed",
      "type": "null_resource",
      "name": "cluster",
      "provider": "provider[\"registry.terraform.io/hashicorp/null\"]",
      "instances": [
        {
          "schema_version": 0,
          "attributes": {
            "id": "3745549921444196155",
            "triggers": null
          },
          "sensitive_attributes": [],
          "private": "bnVsbA==",
          "dependencies": [
            "local_file.inventory",
            "null_resource.wait",
            "yandex_compute_instance.node01",
            "yandex_compute_instance.node02",
            "yandex_compute_instance.node03",
            "yandex_compute_instance.node04",
            "yandex_compute_instance.node05",
            "yandex_compute_instance.node06",
            "yandex_vpc_network.default",
            "yandex_vpc_subnet.default"
          ]
        }
      ]
    },
    {
      "mode": "managed",
      "type": "null_resource",
      "name": "monitoring",
      "provider": "provider[\"registry.terraform.io/hashicorp/null\"]",
      "instances": [
        {
          "status": "tainted",
          "schema_version": 0,
          "attributes": {
            "id": "1759173192849759550",
            "triggers": null
          },
          "sensitive_attributes": [],
          "private": "bnVsbA==",
          "dependencies": [
            "local_file.inventory",
            "null_resource.cluster",
            "null_resource.sync",
            "null_resource.wait",
            "yandex_compute_instance.node01",
            "yandex_compute_instance.node02",
            "yandex_compute_instance.node03",
            "yandex_compute_instance.node04",
            "yandex_compute_instance.node05",
            "yandex_compute_instance.node06",
            "yandex_vpc_network.default",
            "yandex_vpc_subnet.default"
          ]
        }
      ]
    },
    {
      "mode": "managed",
      "type": "null_resource",
      "name": "sync",
      "provider": "provider[\"registry.terraform.io/hashicorp/null\"]",
      "instances": [
        {
          "schema_version": 0,
          "attributes": {
            "id": "7713310157146864008",
            "triggers": null
          },
          "sensitive_attributes": [],
          "private": "bnVsbA==",
          "dependencies": [
            "local_file.inventory",
            "null_resource.cluster",
            "null_resource.wait",
            "yandex_compute_instance.node01",
            "yandex_compute_instance.node02",
            "yandex_compute_instance.node03",
            "yandex_compute_instance.node04",
            "yandex_compute_instance.node05",
            "yandex_compute_instance.node06",
            "yandex_vpc_network.default",
            "yandex_vpc_subnet.default"
          ]
        }
      ]
    },
    {
      "mode": "managed",
      "type": "null_resource",
      "name": "wait",
      "provider": "provider[\"registry.terraform.io/hashicorp/null\"]",
      "instances": [
        {
          "schema_version": 0,
          "attributes": {
            "id": "2934268108767312426",
            "triggers": null
          },
          "sensitive_attributes": [],
          "private": "bnVsbA==",
          "dependencies": [
            "local_file.inventory",
            "yandex_compute_instance.node01",
            "yandex_compute_instance.node02",
            "yandex_compute_instance.node03",
            "yandex_compute_instance.node04",
            "yandex_compute_instance.node05",
            "yandex_compute_instance.node06",
            "yandex_vpc_network.default",
            "yandex_vpc_subnet.default"
          ]
        }
      ]
    },
    {
      "mode": "managed",
      "type": "yandex_compute_instance",
      "name": "node01",
      "provider": "provider[\"registry.terraform.io/yandex-cloud/yandex\"]",
      "instances": [
        {
          "schema_version": 1,
          "attributes": {
            "allow_stopping_for_update": true,
            "boot_disk": [
              {
                "auto_delete": true,
                "device_name": "fhmp1qrclc9lil3no1fm",
                "disk_id": "fhmp1qrclc9lil3no1fm",
                "initialize_params": [
                  {
                    "block_size": 4096,
                    "description": "",
                    "image_id": "fd8fmkujbopb1vpq32uf",
                    "name": "root-node01",
                    "size": 10,
                    "snapshot_id": "",
                    "type": "network-ssd"
                  }
                ],
                "mode": "READ_WRITE"
              }
            ],
            "created_at": "2022-02-07T08:16:23Z",
            "description": "",
            "folder_id": "b1gf6kkr9lt4lofiqh08",
            "fqdn": "node01.netology.yc",
            "hostname": "node01",
            "id": "fhm6k1q8ufhp2tthv1po",
            "labels": null,
            "metadata": {
              "ssh-keys": "centos:ssh-ed25519 AAAAC3NzaC1lZDI1NTE5AAAAIGP1w2pzAhybbKRfNDW37jgxdi/ho/HA/OUcV+p+Xj+r vitalykay@gmail.com\n"
            },
            "name": "node01",
            "network_acceleration_type": "standard",
            "network_interface": [
              {
                "dns_record": [],
                "index": 0,
                "ip_address": "192.168.101.11",
                "ipv4": true,
                "ipv6": false,
                "ipv6_address": "",
                "ipv6_dns_record": [],
                "mac_address": "d0:0d:6a:07:48:f3",
                "nat": true,
                "nat_dns_record": [],
                "nat_ip_address": "178.154.207.107",
                "nat_ip_version": "IPV4",
                "security_group_ids": [],
                "subnet_id": "e9b2r1u3b6r2a8picab6"
              }
            ],
            "placement_policy": [
              {
                "placement_group_id": ""
              }
            ],
            "platform_id": "standard-v1",
            "resources": [
              {
                "core_fraction": 100,
                "cores": 4,
                "gpus": 0,
                "memory": 8
              }
            ],
            "scheduling_policy": [
              {
                "preemptible": false
              }
            ],
            "secondary_disk": [],
            "service_account_id": "",
            "status": "running",
            "timeouts": null,
            "zone": "ru-central1-a"
          },
          "sensitive_attributes": [],
          "private": "eyJlMmJmYjczMC1lY2FhLTExZTYtOGY4OC0zNDM2M2JjN2M0YzAiOnsiY3JlYXRlIjozMDAwMDAwMDAwMDAsImRlbGV0ZSI6MzAwMDAwMDAwMDAwLCJ1cGRhdGUiOjMwMDAwMDAwMDAwMH0sInNjaGVtYV92ZXJzaW9uIjoiMSJ9",
          "dependencies": [
            "yandex_vpc_network.default",
            "yandex_vpc_subnet.default"
          ]
        }
      ]
    },
    {
      "mode": "managed",
      "type": "yandex_compute_instance",
      "name": "node02",
      "provider": "provider[\"registry.terraform.io/yandex-cloud/yandex\"]",
      "instances": [
        {
          "schema_version": 1,
          "attributes": {
            "allow_stopping_for_update": true,
            "boot_disk": [
              {
                "auto_delete": true,
                "device_name": "fhm4gdr7k8265sb5v5ml",
                "disk_id": "fhm4gdr7k8265sb5v5ml",
                "initialize_params": [
                  {
                    "block_size": 4096,
                    "description": "",
                    "image_id": "fd8fmkujbopb1vpq32uf",
                    "name": "root-node02",
                    "size": 10,
                    "snapshot_id": "",
                    "type": "network-ssd"
                  }
                ],
                "mode": "READ_WRITE"
              }
            ],
            "created_at": "2022-02-07T08:16:23Z",
            "description": "",
            "folder_id": "b1gf6kkr9lt4lofiqh08",
            "fqdn": "node02.netology.yc",
            "hostname": "node02",
            "id": "fhme79ggmucvqudttpji",
            "labels": null,
            "metadata": {
              "ssh-keys": "centos:ssh-ed25519 AAAAC3NzaC1lZDI1NTE5AAAAIGP1w2pzAhybbKRfNDW37jgxdi/ho/HA/OUcV+p+Xj+r vitalykay@gmail.com\n"
            },
            "name": "node02",
            "network_acceleration_type": "standard",
            "network_interface": [
              {
                "dns_record": [],
                "index": 0,
                "ip_address": "192.168.101.12",
                "ipv4": true,
                "ipv6": false,
                "ipv6_address": "",
                "ipv6_dns_record": [],
                "mac_address": "d0:0d:e3:a6:10:b7",
                "nat": true,
                "nat_dns_record": [],
                "nat_ip_address": "178.154.203.204",
                "nat_ip_version": "IPV4",
                "security_group_ids": [],
                "subnet_id": "e9b2r1u3b6r2a8picab6"
              }
            ],
            "placement_policy": [
              {
                "placement_group_id": ""
              }
            ],
            "platform_id": "standard-v1",
            "resources": [
              {
                "core_fraction": 100,
                "cores": 4,
                "gpus": 0,
                "memory": 8
              }
            ],
            "scheduling_policy": [
              {
                "preemptible": false
              }
            ],
            "secondary_disk": [],
            "service_account_id": "",
            "status": "running",
            "timeouts": null,
            "zone": "ru-central1-a"
          },
          "sensitive_attributes": [],
          "private": "eyJlMmJmYjczMC1lY2FhLTExZTYtOGY4OC0zNDM2M2JjN2M0YzAiOnsiY3JlYXRlIjozMDAwMDAwMDAwMDAsImRlbGV0ZSI6MzAwMDAwMDAwMDAwLCJ1cGRhdGUiOjMwMDAwMDAwMDAwMH0sInNjaGVtYV92ZXJzaW9uIjoiMSJ9",
          "dependencies": [
            "yandex_vpc_network.default",
            "yandex_vpc_subnet.default"
          ]
        }
      ]
    },
    {
      "mode": "managed",
      "type": "yandex_compute_instance",
      "name": "node03",
      "provider": "provider[\"registry.terraform.io/yandex-cloud/yandex\"]",
      "instances": [
        {
          "schema_version": 1,
          "attributes": {
            "allow_stopping_for_update": true,
            "boot_disk": [
              {
                "auto_delete": true,
                "device_name": "fhmo5aua0lf109h4rnss",
                "disk_id": "fhmo5aua0lf109h4rnss",
                "initialize_params": [
                  {
                    "block_size": 4096,
                    "description": "",
                    "image_id": "fd8fmkujbopb1vpq32uf",
                    "name": "root-node03",
                    "size": 10,
                    "snapshot_id": "",
                    "type": "network-ssd"
                  }
                ],
                "mode": "READ_WRITE"
              }
            ],
            "created_at": "2022-02-07T08:16:23Z",
            "description": "",
            "folder_id": "b1gf6kkr9lt4lofiqh08",
            "fqdn": "node03.netology.yc",
            "hostname": "node03",
            "id": "fhmd7qi4hhiuba03mtlm",
            "labels": null,
            "metadata": {
              "ssh-keys": "centos:ssh-ed25519 AAAAC3NzaC1lZDI1NTE5AAAAIGP1w2pzAhybbKRfNDW37jgxdi/ho/HA/OUcV+p+Xj+r vitalykay@gmail.com\n"
            },
            "name": "node03",
            "network_acceleration_type": "standard",
            "network_interface": [
              {
                "dns_record": [],
                "index": 0,
                "ip_address": "192.168.101.13",
                "ipv4": true,
                "ipv6": false,
                "ipv6_address": "",
                "ipv6_dns_record": [],
                "mac_address": "d0:0d:d3:ea:44:8c",
                "nat": true,
                "nat_dns_record": [],
                "nat_ip_address": "130.193.36.147",
                "nat_ip_version": "IPV4",
                "security_group_ids": [],
                "subnet_id": "e9b2r1u3b6r2a8picab6"
              }
            ],
            "placement_policy": [
              {
                "placement_group_id": ""
              }
            ],
            "platform_id": "standard-v1",
            "resources": [
              {
                "core_fraction": 100,
                "cores": 4,
                "gpus": 0,
                "memory": 8
              }
            ],
            "scheduling_policy": [
              {
                "preemptible": false
              }
            ],
            "secondary_disk": [],
            "service_account_id": "",
            "status": "running",
            "timeouts": null,
            "zone": "ru-central1-a"
          },
          "sensitive_attributes": [],
          "private": "eyJlMmJmYjczMC1lY2FhLTExZTYtOGY4OC0zNDM2M2JjN2M0YzAiOnsiY3JlYXRlIjozMDAwMDAwMDAwMDAsImRlbGV0ZSI6MzAwMDAwMDAwMDAwLCJ1cGRhdGUiOjMwMDAwMDAwMDAwMH0sInNjaGVtYV92ZXJzaW9uIjoiMSJ9",
          "dependencies": [
            "yandex_vpc_network.default",
            "yandex_vpc_subnet.default"
          ]
        }
      ]
    },
    {
      "mode": "managed",
      "type": "yandex_compute_instance",
      "name": "node04",
      "provider": "provider[\"registry.terraform.io/yandex-cloud/yandex\"]",
      "instances": [
        {
          "schema_version": 1,
          "attributes": {
            "allow_stopping_for_update": true,
            "boot_disk": [
              {
                "auto_delete": true,
                "device_name": "fhm44ur5m0k8li87orjn",
                "disk_id": "fhm44ur5m0k8li87orjn",
                "initialize_params": [
                  {
                    "block_size": 4096,
                    "description": "",
                    "image_id": "fd8fmkujbopb1vpq32uf",
                    "name": "root-node04",
                    "size": 40,
                    "snapshot_id": "",
                    "type": "network-ssd"
                  }
                ],
                "mode": "READ_WRITE"
              }
            ],
            "created_at": "2022-02-07T08:16:23Z",
            "description": "",
            "folder_id": "b1gf6kkr9lt4lofiqh08",
            "fqdn": "node04.netology.yc",
            "hostname": "node04",
            "id": "fhmofd21liuslc6mhthv",
            "labels": null,
            "metadata": {
              "ssh-keys": "centos:ssh-ed25519 AAAAC3NzaC1lZDI1NTE5AAAAIGP1w2pzAhybbKRfNDW37jgxdi/ho/HA/OUcV+p+Xj+r vitalykay@gmail.com\n"
            },
            "name": "node04",
            "network_acceleration_type": "standard",
            "network_interface": [
              {
                "dns_record": [],
                "index": 0,
                "ip_address": "192.168.101.14",
                "ipv4": true,
                "ipv6": false,
                "ipv6_address": "",
                "ipv6_dns_record": [],
                "mac_address": "d0:0d:18:7b:44:1a",
                "nat": true,
                "nat_dns_record": [],
                "nat_ip_address": "130.193.37.229",
                "nat_ip_version": "IPV4",
                "security_group_ids": [],
                "subnet_id": "e9b2r1u3b6r2a8picab6"
              }
            ],
            "placement_policy": [
              {
                "placement_group_id": ""
              }
            ],
            "platform_id": "standard-v1",
            "resources": [
              {
                "core_fraction": 100,
                "cores": 4,
                "gpus": 0,
                "memory": 8
              }
            ],
            "scheduling_policy": [
              {
                "preemptible": false
              }
            ],
            "secondary_disk": [],
            "service_account_id": "",
            "status": "running",
            "timeouts": null,
            "zone": "ru-central1-a"
          },
          "sensitive_attributes": [],
          "private": "eyJlMmJmYjczMC1lY2FhLTExZTYtOGY4OC0zNDM2M2JjN2M0YzAiOnsiY3JlYXRlIjozMDAwMDAwMDAwMDAsImRlbGV0ZSI6MzAwMDAwMDAwMDAwLCJ1cGRhdGUiOjMwMDAwMDAwMDAwMH0sInNjaGVtYV92ZXJzaW9uIjoiMSJ9",
          "dependencies": [
            "yandex_vpc_network.default",
            "yandex_vpc_subnet.default"
          ]
        }
      ]
    },
    {
      "mode": "managed",
      "type": "yandex_compute_instance",
      "name": "node05",
      "provider": "provider[\"registry.terraform.io/yandex-cloud/yandex\"]",
      "instances": [
        {
          "schema_version": 1,
          "attributes": {
            "allow_stopping_for_update": true,
            "boot_disk": [
              {
                "auto_delete": true,
                "device_name": "fhmkq610mva9vk8ies4s",
                "disk_id": "fhmkq610mva9vk8ies4s",
                "initialize_params": [
                  {
                    "block_size": 4096,
                    "description": "",
                    "image_id": "fd8fmkujbopb1vpq32uf",
                    "name": "root-node05",
                    "size": 40,
                    "snapshot_id": "",
                    "type": "network-ssd"
                  }
                ],
                "mode": "READ_WRITE"
              }
            ],
            "created_at": "2022-02-07T08:16:23Z",
            "description": "",
            "folder_id": "b1gf6kkr9lt4lofiqh08",
            "fqdn": "node05.netology.yc",
            "hostname": "node05",
            "id": "fhmj71bf4rjldg53rkhr",
            "labels": null,
            "metadata": {
              "ssh-keys": "centos:ssh-ed25519 AAAAC3NzaC1lZDI1NTE5AAAAIGP1w2pzAhybbKRfNDW37jgxdi/ho/HA/OUcV+p+Xj+r vitalykay@gmail.com\n"
            },
            "name": "node05",
            "network_acceleration_type": "standard",
            "network_interface": [
              {
                "dns_record": [],
                "index": 0,
                "ip_address": "192.168.101.15",
                "ipv4": true,
                "ipv6": false,
                "ipv6_address": "",
                "ipv6_dns_record": [],
                "mac_address": "d0:0d:13:38:56:f2",
                "nat": true,
                "nat_dns_record": [],
                "nat_ip_address": "178.154.206.31",
                "nat_ip_version": "IPV4",
                "security_group_ids": [],
                "subnet_id": "e9b2r1u3b6r2a8picab6"
              }
            ],
            "placement_policy": [
              {
                "placement_group_id": ""
              }
            ],
            "platform_id": "standard-v1",
            "resources": [
              {
                "core_fraction": 100,
                "cores": 4,
                "gpus": 0,
                "memory": 8
              }
            ],
            "scheduling_policy": [
              {
                "preemptible": false
              }
            ],
            "secondary_disk": [],
            "service_account_id": "",
            "status": "running",
            "timeouts": null,
            "zone": "ru-central1-a"
          },
          "sensitive_attributes": [],
          "private": "eyJlMmJmYjczMC1lY2FhLTExZTYtOGY4OC0zNDM2M2JjN2M0YzAiOnsiY3JlYXRlIjozMDAwMDAwMDAwMDAsImRlbGV0ZSI6MzAwMDAwMDAwMDAwLCJ1cGRhdGUiOjMwMDAwMDAwMDAwMH0sInNjaGVtYV92ZXJzaW9uIjoiMSJ9",
          "dependencies": [
            "yandex_vpc_network.default",
            "yandex_vpc_subnet.default"
          ]
        }
      ]
    },
    {
      "mode": "managed",
      "type": "yandex_compute_instance",
      "name": "node06",
      "provider": "provider[\"registry.terraform.io/yandex-cloud/yandex\"]",
      "instances": [
        {
          "schema_version": 1,
          "attributes": {
            "allow_stopping_for_update": true,
            "boot_disk": [
              {
                "auto_delete": true,
                "device_name": "fhmi647jrmdiveahjj09",
                "disk_id": "fhmi647jrmdiveahjj09",
                "initialize_params": [
                  {
                    "block_size": 4096,
                    "description": "",
                    "image_id": "fd8fmkujbopb1vpq32uf",
                    "name": "root-node06",
                    "size": 40,
                    "snapshot_id": "",
                    "type": "network-ssd"
                  }
                ],
                "mode": "READ_WRITE"
              }
            ],
            "created_at": "2022-02-07T08:16:23Z",
            "description": "",
            "folder_id": "b1gf6kkr9lt4lofiqh08",
            "fqdn": "node06.netology.yc",
            "hostname": "node06",
            "id": "fhmeipqcqfkjjd1j6oc3",
            "labels": null,
            "metadata": {
              "ssh-keys": "centos:ssh-ed25519 AAAAC3NzaC1lZDI1NTE5AAAAIGP1w2pzAhybbKRfNDW37jgxdi/ho/HA/OUcV+p+Xj+r vitalykay@gmail.com\n"
            },
            "name": "node06",
            "network_acceleration_type": "standard",
            "network_interface": [
              {
                "dns_record": [],
                "index": 0,
                "ip_address": "192.168.101.16",
                "ipv4": true,
                "ipv6": false,
                "ipv6_address": "",
                "ipv6_dns_record": [],
                "mac_address": "d0:0d:e9:67:4c:d3",
                "nat": true,
                "nat_dns_record": [],
                "nat_ip_address": "178.154.201.74",
                "nat_ip_version": "IPV4",
                "security_group_ids": [],
                "subnet_id": "e9b2r1u3b6r2a8picab6"
              }
            ],
            "placement_policy": [
              {
                "placement_group_id": ""
              }
            ],
            "platform_id": "standard-v1",
            "resources": [
              {
                "core_fraction": 100,
                "cores": 4,
                "gpus": 0,
                "memory": 8
              }
            ],
            "scheduling_policy": [
              {
                "preemptible": false
              }
            ],
            "secondary_disk": [],
            "service_account_id": "",
            "status": "running",
            "timeouts": null,
            "zone": "ru-central1-a"
          },
          "sensitive_attributes": [],
          "private": "eyJlMmJmYjczMC1lY2FhLTExZTYtOGY4OC0zNDM2M2JjN2M0YzAiOnsiY3JlYXRlIjozMDAwMDAwMDAwMDAsImRlbGV0ZSI6MzAwMDAwMDAwMDAwLCJ1cGRhdGUiOjMwMDAwMDAwMDAwMH0sInNjaGVtYV92ZXJzaW9uIjoiMSJ9",
          "dependencies": [
            "yandex_vpc_network.default",
            "yandex_vpc_subnet.default"
          ]
        }
      ]
    },
    {
      "mode": "managed",
      "type": "yandex_vpc_network",
      "name": "default",
      "provider": "provider[\"registry.terraform.io/yandex-cloud/yandex\"]",
      "instances": [
        {
          "schema_version": 0,
          "attributes": {
            "created_at": "2022-02-07T08:16:20Z",
            "default_security_group_id": "",
            "description": "",
            "folder_id": "b1gf6kkr9lt4lofiqh08",
            "id": "enpprinaiul2f5hfbfms",
            "labels": {},
            "name": "net",
            "subnet_ids": [],
            "timeouts": null
          },
          "sensitive_attributes": [],
          "private": "eyJlMmJmYjczMC1lY2FhLTExZTYtOGY4OC0zNDM2M2JjN2M0YzAiOnsiY3JlYXRlIjo2MDAwMDAwMDAwMCwiZGVsZXRlIjo2MDAwMDAwMDAwMCwidXBkYXRlIjo2MDAwMDAwMDAwMH19"
        }
      ]
    },
    {
      "mode": "managed",
      "type": "yandex_vpc_subnet",
      "name": "default",
      "provider": "provider[\"registry.terraform.io/yandex-cloud/yandex\"]",
      "instances": [
        {
          "schema_version": 0,
          "attributes": {
            "created_at": "2022-02-07T08:16:22Z",
            "description": "",
            "dhcp_options": [],
            "folder_id": "b1gf6kkr9lt4lofiqh08",
            "id": "e9b2r1u3b6r2a8picab6",
            "labels": {},
            "name": "subnet",
            "network_id": "enpprinaiul2f5hfbfms",
            "route_table_id": "",
            "timeouts": null,
            "v4_cidr_blocks": [
              "192.168.101.0/24"
            ],
            "v6_cidr_blocks": [],
            "zone": "ru-central1-a"
          },
          "sensitive_attributes": [],
          "private": "eyJlMmJmYjczMC1lY2FhLTExZTYtOGY4OC0zNDM2M2JjN2M0YzAiOnsiY3JlYXRlIjoxODAwMDAwMDAwMDAsImRlbGV0ZSI6MTgwMDAwMDAwMDAwLCJ1cGRhdGUiOjE4MDAwMDAwMDAwMH19",
          "dependencies": [
            "yandex_vpc_network.default"
          ]
        }
      ]
    }
  ]
}
